
Microsoft Visual Studio Solution File, Format Version 12.00
# Visual Studio 15
VisualStudioVersion = 15.0.28307.136
MinimumVisualStudioVersion = 10.0.40219.1
Project("{FAE04EC0-301F-11D3-BF4B-00C04F79EFBC}") = "Simplic.Cloud.API", "Simplic.Cloud.API\Simplic.Cloud.API.csproj", "{A2CF02AC-4C6F-4FE5-BCBB-3C9CB6D1BFCA}"
EndProject
Project("{FAE04EC0-301F-11D3-BF4B-00C04F79EFBC}") = "Simplic.Cloud.API.DataPort", "Simplic.Cloud.API.DataPort\Simplic.Cloud.API.DataPort.csproj", "{519D07A5-5BF1-4CDD-B950-F579C710EE81}"
EndProject
Project("{FAE04EC0-301F-11D3-BF4B-00C04F79EFBC}") = "Simplic.Cloud.CLI", "Simplic.Cloud.Shell\Simplic.Cloud.CLI.csproj", "{381FE878-0C7C-476D-8133-690AEA5B73D2}"
EndProject
Global
	GlobalSection(SolutionConfigurationPlatforms) = preSolution
		Debug|Any CPU = Debug|Any CPU
		Release|Any CPU = Release|Any CPU
	EndGlobalSection
	GlobalSection(ProjectConfigurationPlatforms) = postSolution
		{A2CF02AC-4C6F-4FE5-BCBB-3C9CB6D1BFCA}.Debug|Any CPU.ActiveCfg = Debug|Any CPU
		{A2CF02AC-4C6F-4FE5-BCBB-3C9CB6D1BFCA}.Debug|Any CPU.Build.0 = Debug|Any CPU
		{A2CF02AC-4C6F-4FE5-BCBB-3C9CB6D1BFCA}.Release|Any CPU.ActiveCfg = Release|Any CPU
		{A2CF02AC-4C6F-4FE5-BCBB-3C9CB6D1BFCA}.Release|Any CPU.Build.0 = Release|Any CPU
		{519D07A5-5BF1-4CDD-B950-F579C710EE81}.Debug|Any CPU.ActiveCfg = Debug|Any CPU
		{519D07A5-5BF1-4CDD-B950-F579C710EE81}.Debug|Any CPU.Build.0 = Debug|Any CPU
		{519D07A5-5BF1-4CDD-B950-F579C710EE81}.Release|Any CPU.ActiveCfg = Release|Any CPU
		{519D07A5-5BF1-4CDD-B950-F579C710EE81}.Release|Any CPU.Build.0 = Release|Any CPU
		{381FE878-0C7C-476D-8133-690AEA5B73D2}.Debug|Any CPU.ActiveCfg = Debug|Any CPU
		{381FE878-0C7C-476D-8133-690AEA5B73D2}.Debug|Any CPU.Build.0 = Debug|Any CPU
		{381FE878-0C7C-476D-8133-690AEA5B73D2}.Release|Any CPU.ActiveCfg = Release|Any CPU
		{381FE878-0C7C-476D-8133-690AEA5B73D2}.Release|Any CPU.Build.0 = Release|Any CPU
	EndGlobalSection
	GlobalSection(SolutionProperties) = preSolution
		HideSolutionNode = FALSE
	EndGlobalSection
	GlobalSection(ExtensibilityGlobals) = postSolution
		SolutionGuid = {9F6AAD1A-BCDB-470D-A5A9-DC908139391F}
	EndGlobalSection
EndGlobal
